// !$*UTF8*$!
{
	archiveVersion = 1;
	classes = {
	};
	objectVersion = 48;
	objects = {

/* Begin PBXBuildFile section */
		9EDB890D1F7C35C0006CD0C1 /* AppDelegate.swift in Sources */ = {isa = PBXBuildFile; fileRef = 9EDB890C1F7C35C0006CD0C1 /* AppDelegate.swift */; };
		9EDB890F1F7C35C0006CD0C1 /* ViewController.swift in Sources */ = {isa = PBXBuildFile; fileRef = 9EDB890E1F7C35C0006CD0C1 /* ViewController.swift */; };
		9EDB89121F7C35C0006CD0C1 /* Main.storyboard in Resources */ = {isa = PBXBuildFile; fileRef = 9EDB89101F7C35C0006CD0C1 /* Main.storyboard */; };
		9EDB89141F7C35C0006CD0C1 /* Assets.xcassets in Resources */ = {isa = PBXBuildFile; fileRef = 9EDB89131F7C35C0006CD0C1 /* Assets.xcassets */; };
		9EDB89171F7C35C0006CD0C1 /* LaunchScreen.storyboard in Resources */ = {isa = PBXBuildFile; fileRef = 9EDB89151F7C35C0006CD0C1 /* LaunchScreen.storyboard */; };
		9EDB891C1F7C35C1006CD0C1 /* ChallengeWatchMichas WatchKit App.app in Embed Watch Content */ = {isa = PBXBuildFile; fileRef = 9EDB891B1F7C35C1006CD0C1 /* ChallengeWatchMichas WatchKit App.app */; };
		9EDB89221F7C35C1006CD0C1 /* Interface.storyboard in Resources */ = {isa = PBXBuildFile; fileRef = 9EDB89201F7C35C1006CD0C1 /* Interface.storyboard */; };
		9EDB89241F7C35C1006CD0C1 /* Assets.xcassets in Resources */ = {isa = PBXBuildFile; fileRef = 9EDB89231F7C35C1006CD0C1 /* Assets.xcassets */; };
		9EDB892B1F7C35C1006CD0C1 /* ChallengeWatchMichas WatchKit Extension.appex in Embed App Extensions */ = {isa = PBXBuildFile; fileRef = 9EDB892A1F7C35C1006CD0C1 /* ChallengeWatchMichas WatchKit Extension.appex */; settings = {ATTRIBUTES = (RemoveHeadersOnCopy, ); }; };
		9EDB89301F7C35C1006CD0C1 /* InterfaceController.swift in Sources */ = {isa = PBXBuildFile; fileRef = 9EDB892F1F7C35C1006CD0C1 /* InterfaceController.swift */; };
		9EDB89321F7C35C1006CD0C1 /* ExtensionDelegate.swift in Sources */ = {isa = PBXBuildFile; fileRef = 9EDB89311F7C35C1006CD0C1 /* ExtensionDelegate.swift */; };
		9EDB89341F7C35C1006CD0C1 /* NotificationController.swift in Sources */ = {isa = PBXBuildFile; fileRef = 9EDB89331F7C35C1006CD0C1 /* NotificationController.swift */; };
		9EDB89361F7C35C1006CD0C1 /* ComplicationController.swift in Sources */ = {isa = PBXBuildFile; fileRef = 9EDB89351F7C35C1006CD0C1 /* ComplicationController.swift */; };
		9EDB89381F7C35C1006CD0C1 /* Assets.xcassets in Resources */ = {isa = PBXBuildFile; fileRef = 9EDB89371F7C35C1006CD0C1 /* Assets.xcassets */; };
		9EDB89491F7D6227006CD0C1 /* Request.storyboard in Resources */ = {isa = PBXBuildFile; fileRef = 9EDB89481F7D6227006CD0C1 /* Request.storyboard */; };
		9EDB894D1F7D76D9006CD0C1 /* Response.storyboard in Resources */ = {isa = PBXBuildFile; fileRef = 9EDB894C1F7D76D9006CD0C1 /* Response.storyboard */; };
/* End PBXBuildFile section */

/* Begin PBXContainerItemProxy section */
		9EDB891D1F7C35C1006CD0C1 /* PBXContainerItemProxy */ = {
			isa = PBXContainerItemProxy;
			containerPortal = 9EDB89011F7C35C0006CD0C1 /* Project object */;
			proxyType = 1;
			remoteGlobalIDString = 9EDB891A1F7C35C1006CD0C1;
			remoteInfo = "ChallengeWatchMichas WatchKit App";
		};
		9EDB892C1F7C35C1006CD0C1 /* PBXContainerItemProxy */ = {
			isa = PBXContainerItemProxy;
			containerPortal = 9EDB89011F7C35C0006CD0C1 /* Project object */;
			proxyType = 1;
			remoteGlobalIDString = 9EDB89291F7C35C1006CD0C1;
			remoteInfo = "ChallengeWatchMichas WatchKit Extension";
		};
/* End PBXContainerItemProxy section */

/* Begin PBXCopyFilesBuildPhase section */
		9EDB89401F7C35C1006CD0C1 /* Embed App Extensions */ = {
			isa = PBXCopyFilesBuildPhase;
			buildActionMask = 2147483647;
			dstPath = "";
			dstSubfolderSpec = 13;
			files = (
				9EDB892B1F7C35C1006CD0C1 /* ChallengeWatchMichas WatchKit Extension.appex in Embed App Extensions */,
			);
			name = "Embed App Extensions";
			runOnlyForDeploymentPostprocessing = 0;
		};
		9EDB89441F7C35C1006CD0C1 /* Embed Watch Content */ = {
			isa = PBXCopyFilesBuildPhase;
			buildActionMask = 2147483647;
			dstPath = "$(CONTENTS_FOLDER_PATH)/Watch";
			dstSubfolderSpec = 16;
			files = (
				9EDB891C1F7C35C1006CD0C1 /* ChallengeWatchMichas WatchKit App.app in Embed Watch Content */,
			);
			name = "Embed Watch Content";
			runOnlyForDeploymentPostprocessing = 0;
		};
/* End PBXCopyFilesBuildPhase section */

/* Begin PBXFileReference section */
		9EDB89091F7C35C0006CD0C1 /* ChallengeWatchMichas.app */ = {isa = PBXFileReference; explicitFileType = wrapper.application; includeInIndex = 0; path = ChallengeWatchMichas.app; sourceTree = BUILT_PRODUCTS_DIR; };
		9EDB890C1F7C35C0006CD0C1 /* AppDelegate.swift */ = {isa = PBXFileReference; lastKnownFileType = sourcecode.swift; path = AppDelegate.swift; sourceTree = "<group>"; };
		9EDB890E1F7C35C0006CD0C1 /* ViewController.swift */ = {isa = PBXFileReference; lastKnownFileType = sourcecode.swift; path = ViewController.swift; sourceTree = "<group>"; };
		9EDB89111F7C35C0006CD0C1 /* Base */ = {isa = PBXFileReference; lastKnownFileType = file.storyboard; name = Base; path = Base.lproj/Main.storyboard; sourceTree = "<group>"; };
		9EDB89131F7C35C0006CD0C1 /* Assets.xcassets */ = {isa = PBXFileReference; lastKnownFileType = folder.assetcatalog; path = Assets.xcassets; sourceTree = "<group>"; };
		9EDB89161F7C35C0006CD0C1 /* Base */ = {isa = PBXFileReference; lastKnownFileType = file.storyboard; name = Base; path = Base.lproj/LaunchScreen.storyboard; sourceTree = "<group>"; };
		9EDB89181F7C35C0006CD0C1 /* Info.plist */ = {isa = PBXFileReference; lastKnownFileType = text.plist.xml; path = Info.plist; sourceTree = "<group>"; };
		9EDB891B1F7C35C1006CD0C1 /* ChallengeWatchMichas WatchKit App.app */ = {isa = PBXFileReference; explicitFileType = wrapper.application; includeInIndex = 0; path = "ChallengeWatchMichas WatchKit App.app"; sourceTree = BUILT_PRODUCTS_DIR; };
		9EDB89211F7C35C1006CD0C1 /* Base */ = {isa = PBXFileReference; lastKnownFileType = file.storyboard; name = Base; path = Base.lproj/Interface.storyboard; sourceTree = "<group>"; };
		9EDB89231F7C35C1006CD0C1 /* Assets.xcassets */ = {isa = PBXFileReference; lastKnownFileType = folder.assetcatalog; path = Assets.xcassets; sourceTree = "<group>"; };
		9EDB89251F7C35C1006CD0C1 /* Info.plist */ = {isa = PBXFileReference; lastKnownFileType = text.plist.xml; path = Info.plist; sourceTree = "<group>"; };
		9EDB892A1F7C35C1006CD0C1 /* ChallengeWatchMichas WatchKit Extension.appex */ = {isa = PBXFileReference; explicitFileType = "wrapper.app-extension"; includeInIndex = 0; path = "ChallengeWatchMichas WatchKit Extension.appex"; sourceTree = BUILT_PRODUCTS_DIR; };
		9EDB892F1F7C35C1006CD0C1 /* InterfaceController.swift */ = {isa = PBXFileReference; lastKnownFileType = sourcecode.swift; path = InterfaceController.swift; sourceTree = "<group>"; };
		9EDB89311F7C35C1006CD0C1 /* ExtensionDelegate.swift */ = {isa = PBXFileReference; lastKnownFileType = sourcecode.swift; path = ExtensionDelegate.swift; sourceTree = "<group>"; };
		9EDB89331F7C35C1006CD0C1 /* NotificationController.swift */ = {isa = PBXFileReference; lastKnownFileType = sourcecode.swift; path = NotificationController.swift; sourceTree = "<group>"; };
		9EDB89351F7C35C1006CD0C1 /* ComplicationController.swift */ = {isa = PBXFileReference; lastKnownFileType = sourcecode.swift; path = ComplicationController.swift; sourceTree = "<group>"; };
		9EDB89371F7C35C1006CD0C1 /* Assets.xcassets */ = {isa = PBXFileReference; lastKnownFileType = folder.assetcatalog; path = Assets.xcassets; sourceTree = "<group>"; };
		9EDB89391F7C35C1006CD0C1 /* Info.plist */ = {isa = PBXFileReference; lastKnownFileType = text.plist.xml; path = Info.plist; sourceTree = "<group>"; };
		9EDB893A1F7C35C1006CD0C1 /* PushNotificationPayload.apns */ = {isa = PBXFileReference; lastKnownFileType = text; path = PushNotificationPayload.apns; sourceTree = "<group>"; };
		9EDB89481F7D6227006CD0C1 /* Request.storyboard */ = {isa = PBXFileReference; lastKnownFileType = file.storyboard; path = Request.storyboard; sourceTree = "<group>"; };
		9EDB894C1F7D76D9006CD0C1 /* Response.storyboard */ = {isa = PBXFileReference; lastKnownFileType = file.storyboard; path = Response.storyboard; sourceTree = "<group>"; };
/* End PBXFileReference section */

/* Begin PBXFrameworksBuildPhase section */
		9EDB89061F7C35C0006CD0C1 /* Frameworks */ = {
			isa = PBXFrameworksBuildPhase;
			buildActionMask = 2147483647;
			files = (
			);
			runOnlyForDeploymentPostprocessing = 0;
		};
		9EDB89271F7C35C1006CD0C1 /* Frameworks */ = {
			isa = PBXFrameworksBuildPhase;
			buildActionMask = 2147483647;
			files = (
			);
			runOnlyForDeploymentPostprocessing = 0;
		};
/* End PBXFrameworksBuildPhase section */

/* Begin PBXGroup section */
		9EDB89001F7C35C0006CD0C1 = {
			isa = PBXGroup;
			children = (
				9EDB890B1F7C35C0006CD0C1 /* ChallengeWatchMichas */,
				9EDB891F1F7C35C1006CD0C1 /* ChallengeWatchMichas WatchKit App */,
				9EDB892E1F7C35C1006CD0C1 /* ChallengeWatchMichas WatchKit Extension */,
				9EDB890A1F7C35C0006CD0C1 /* Products */,
			);
			sourceTree = "<group>";
		};
		9EDB890A1F7C35C0006CD0C1 /* Products */ = {
			isa = PBXGroup;
			children = (
				9EDB89091F7C35C0006CD0C1 /* ChallengeWatchMichas.app */,
				9EDB891B1F7C35C1006CD0C1 /* ChallengeWatchMichas WatchKit App.app */,
				9EDB892A1F7C35C1006CD0C1 /* ChallengeWatchMichas WatchKit Extension.appex */,
			);
			name = Products;
			sourceTree = "<group>";
		};
		9EDB890B1F7C35C0006CD0C1 /* ChallengeWatchMichas */ = {
			isa = PBXGroup;
			children = (
				9EDB890C1F7C35C0006CD0C1 /* AppDelegate.swift */,
				9EDB890E1F7C35C0006CD0C1 /* ViewController.swift */,
				9EDB89101F7C35C0006CD0C1 /* Main.storyboard */,
				9EDB89131F7C35C0006CD0C1 /* Assets.xcassets */,
				9EDB89151F7C35C0006CD0C1 /* LaunchScreen.storyboard */,
				9EDB89181F7C35C0006CD0C1 /* Info.plist */,
			);
			path = ChallengeWatchMichas;
			sourceTree = "<group>";
		};
		9EDB891F1F7C35C1006CD0C1 /* ChallengeWatchMichas WatchKit App */ = {
			isa = PBXGroup;
			children = (
				9EDB89201F7C35C1006CD0C1 /* Interface.storyboard */,
				9EDB89481F7D6227006CD0C1 /* Request.storyboard */,
				9EDB894C1F7D76D9006CD0C1 /* Response.storyboard */,
				9EDB89231F7C35C1006CD0C1 /* Assets.xcassets */,
				9EDB89251F7C35C1006CD0C1 /* Info.plist */,
			);
			path = "ChallengeWatchMichas WatchKit App";
			sourceTree = "<group>";
		};
		9EDB892E1F7C35C1006CD0C1 /* ChallengeWatchMichas WatchKit Extension */ = {
			isa = PBXGroup;
			children = (
				9EDB892F1F7C35C1006CD0C1 /* InterfaceController.swift */,
				9EDB89311F7C35C1006CD0C1 /* ExtensionDelegate.swift */,
				9EDB89331F7C35C1006CD0C1 /* NotificationController.swift */,
				9EDB89351F7C35C1006CD0C1 /* ComplicationController.swift */,
				9EDB89371F7C35C1006CD0C1 /* Assets.xcassets */,
				9EDB89391F7C35C1006CD0C1 /* Info.plist */,
				9EDB893A1F7C35C1006CD0C1 /* PushNotificationPayload.apns */,
			);
			path = "ChallengeWatchMichas WatchKit Extension";
			sourceTree = "<group>";
		};
/* End PBXGroup section */

/* Begin PBXNativeTarget section */
		9EDB89081F7C35C0006CD0C1 /* ChallengeWatchMichas */ = {
			isa = PBXNativeTarget;
			buildConfigurationList = 9EDB89451F7C35C1006CD0C1 /* Build configuration list for PBXNativeTarget "ChallengeWatchMichas" */;
			buildPhases = (
				9EDB89051F7C35C0006CD0C1 /* Sources */,
				9EDB89061F7C35C0006CD0C1 /* Frameworks */,
				9EDB89071F7C35C0006CD0C1 /* Resources */,
				9EDB89441F7C35C1006CD0C1 /* Embed Watch Content */,
			);
			buildRules = (
			);
			dependencies = (
				9EDB891E1F7C35C1006CD0C1 /* PBXTargetDependency */,
			);
			name = ChallengeWatchMichas;
			productName = ChallengeWatchMichas;
			productReference = 9EDB89091F7C35C0006CD0C1 /* ChallengeWatchMichas.app */;
			productType = "com.apple.product-type.application";
		};
		9EDB891A1F7C35C1006CD0C1 /* ChallengeWatchMichas WatchKit App */ = {
			isa = PBXNativeTarget;
			buildConfigurationList = 9EDB89411F7C35C1006CD0C1 /* Build configuration list for PBXNativeTarget "ChallengeWatchMichas WatchKit App" */;
			buildPhases = (
				9EDB89191F7C35C1006CD0C1 /* Resources */,
				9EDB89401F7C35C1006CD0C1 /* Embed App Extensions */,
			);
			buildRules = (
			);
			dependencies = (
				9EDB892D1F7C35C1006CD0C1 /* PBXTargetDependency */,
			);
			name = "ChallengeWatchMichas WatchKit App";
			productName = "ChallengeWatchMichas WatchKit App";
			productReference = 9EDB891B1F7C35C1006CD0C1 /* ChallengeWatchMichas WatchKit App.app */;
			productType = "com.apple.product-type.application.watchapp2";
		};
		9EDB89291F7C35C1006CD0C1 /* ChallengeWatchMichas WatchKit Extension */ = {
			isa = PBXNativeTarget;
			buildConfigurationList = 9EDB893D1F7C35C1006CD0C1 /* Build configuration list for PBXNativeTarget "ChallengeWatchMichas WatchKit Extension" */;
			buildPhases = (
				9EDB89261F7C35C1006CD0C1 /* Sources */,
				9EDB89271F7C35C1006CD0C1 /* Frameworks */,
				9EDB89281F7C35C1006CD0C1 /* Resources */,
			);
			buildRules = (
			);
			dependencies = (
			);
			name = "ChallengeWatchMichas WatchKit Extension";
			productName = "ChallengeWatchMichas WatchKit Extension";
			productReference = 9EDB892A1F7C35C1006CD0C1 /* ChallengeWatchMichas WatchKit Extension.appex */;
			productType = "com.apple.product-type.watchkit2-extension";
		};
/* End PBXNativeTarget section */

/* Begin PBXProject section */
		9EDB89011F7C35C0006CD0C1 /* Project object */ = {
			isa = PBXProject;
			attributes = {
				LastSwiftUpdateCheck = 0900;
				LastUpgradeCheck = 0900;
				ORGANIZATIONNAME = "Bruno Chagas";
				TargetAttributes = {
					9EDB89081F7C35C0006CD0C1 = {
						CreatedOnToolsVersion = 9.0;
						ProvisioningStyle = Automatic;
					};
					9EDB891A1F7C35C1006CD0C1 = {
						CreatedOnToolsVersion = 9.0;
						ProvisioningStyle = Automatic;
					};
					9EDB89291F7C35C1006CD0C1 = {
						CreatedOnToolsVersion = 9.0;
						ProvisioningStyle = Automatic;
					};
				};
			};
			buildConfigurationList = 9EDB89041F7C35C0006CD0C1 /* Build configuration list for PBXProject "ChallengeWatchMichas" */;
			compatibilityVersion = "Xcode 8.0";
			developmentRegion = en;
			hasScannedForEncodings = 0;
			knownRegions = (
				en,
				Base,
			);
			mainGroup = 9EDB89001F7C35C0006CD0C1;
			productRefGroup = 9EDB890A1F7C35C0006CD0C1 /* Products */;
			projectDirPath = "";
			projectRoot = "";
			targets = (
				9EDB89081F7C35C0006CD0C1 /* ChallengeWatchMichas */,
				9EDB891A1F7C35C1006CD0C1 /* ChallengeWatchMichas WatchKit App */,
				9EDB89291F7C35C1006CD0C1 /* ChallengeWatchMichas WatchKit Extension */,
			);
		};
/* End PBXProject section */

/* Begin PBXResourcesBuildPhase section */
		9EDB89071F7C35C0006CD0C1 /* Resources */ = {
			isa = PBXResourcesBuildPhase;
			buildActionMask = 2147483647;
			files = (
				9EDB89171F7C35C0006CD0C1 /* LaunchScreen.storyboard in Resources */,
				9EDB89141F7C35C0006CD0C1 /* Assets.xcassets in Resources */,
				9EDB89121F7C35C0006CD0C1 /* Main.storyboard in Resources */,
			);
			runOnlyForDeploymentPostprocessing = 0;
		};
		9EDB89191F7C35C1006CD0C1 /* Resources */ = {
			isa = PBXResourcesBuildPhase;
			buildActionMask = 2147483647;
			files = (
				9EDB89241F7C35C1006CD0C1 /* Assets.xcassets in Resources */,
				9EDB894D1F7D76D9006CD0C1 /* Response.storyboard in Resources */,
				9EDB89221F7C35C1006CD0C1 /* Interface.storyboard in Resources */,
				9EDB89491F7D6227006CD0C1 /* Request.storyboard in Resources */,
			);
			runOnlyForDeploymentPostprocessing = 0;
		};
		9EDB89281F7C35C1006CD0C1 /* Resources */ = {
			isa = PBXResourcesBuildPhase;
			buildActionMask = 2147483647;
			files = (
				9EDB89381F7C35C1006CD0C1 /* Assets.xcassets in Resources */,
			);
			runOnlyForDeploymentPostprocessing = 0;
		};
/* End PBXResourcesBuildPhase section */

/* Begin PBXSourcesBuildPhase section */
		9EDB89051F7C35C0006CD0C1 /* Sources */ = {
			isa = PBXSourcesBuildPhase;
			buildActionMask = 2147483647;
			files = (
				9EDB890F1F7C35C0006CD0C1 /* ViewController.swift in Sources */,
				9EDB890D1F7C35C0006CD0C1 /* AppDelegate.swift in Sources */,
			);
			runOnlyForDeploymentPostprocessing = 0;
		};
		9EDB89261F7C35C1006CD0C1 /* Sources */ = {
			isa = PBXSourcesBuildPhase;
			buildActionMask = 2147483647;
			files = (
				9EDB89341F7C35C1006CD0C1 /* NotificationController.swift in Sources */,
				9EDB89361F7C35C1006CD0C1 /* ComplicationController.swift in Sources */,
				9EDB89321F7C35C1006CD0C1 /* ExtensionDelegate.swift in Sources */,
				9EDB89301F7C35C1006CD0C1 /* InterfaceController.swift in Sources */,
			);
			runOnlyForDeploymentPostprocessing = 0;
		};
/* End PBXSourcesBuildPhase section */

/* Begin PBXTargetDependency section */
		9EDB891E1F7C35C1006CD0C1 /* PBXTargetDependency */ = {
			isa = PBXTargetDependency;
			target = 9EDB891A1F7C35C1006CD0C1 /* ChallengeWatchMichas WatchKit App */;
			targetProxy = 9EDB891D1F7C35C1006CD0C1 /* PBXContainerItemProxy */;
		};
		9EDB892D1F7C35C1006CD0C1 /* PBXTargetDependency */ = {
			isa = PBXTargetDependency;
			target = 9EDB89291F7C35C1006CD0C1 /* ChallengeWatchMichas WatchKit Extension */;
			targetProxy = 9EDB892C1F7C35C1006CD0C1 /* PBXContainerItemProxy */;
		};
/* End PBXTargetDependency section */

/* Begin PBXVariantGroup section */
		9EDB89101F7C35C0006CD0C1 /* Main.storyboard */ = {
			isa = PBXVariantGroup;
			children = (
				9EDB89111F7C35C0006CD0C1 /* Base */,
			);
			name = Main.storyboard;
			sourceTree = "<group>";
		};
		9EDB89151F7C35C0006CD0C1 /* LaunchScreen.storyboard */ = {
			isa = PBXVariantGroup;
			children = (
				9EDB89161F7C35C0006CD0C1 /* Base */,
			);
			name = LaunchScreen.storyboard;
			sourceTree = "<group>";
		};
		9EDB89201F7C35C1006CD0C1 /* Interface.storyboard */ = {
			isa = PBXVariantGroup;
			children = (
				9EDB89211F7C35C1006CD0C1 /* Base */,
			);
			name = Interface.storyboard;
			sourceTree = "<group>";
		};
/* End PBXVariantGroup section */

/* Begin XCBuildConfiguration section */
		9EDB893B1F7C35C1006CD0C1 /* Debug */ = {
			isa = XCBuildConfiguration;
			buildSettings = {
				ALWAYS_SEARCH_USER_PATHS = NO;
				CLANG_ANALYZER_NONNULL = YES;
				CLANG_ANALYZER_NUMBER_OBJECT_CONVERSION = YES_AGGRESSIVE;
				CLANG_CXX_LANGUAGE_STANDARD = "gnu++14";
				CLANG_CXX_LIBRARY = "libc++";
				CLANG_ENABLE_MODULES = YES;
				CLANG_ENABLE_OBJC_ARC = YES;
				CLANG_WARN_BLOCK_CAPTURE_AUTORELEASING = YES;
				CLANG_WARN_BOOL_CONVERSION = YES;
				CLANG_WARN_COMMA = YES;
				CLANG_WARN_CONSTANT_CONVERSION = YES;
				CLANG_WARN_DIRECT_OBJC_ISA_USAGE = YES_ERROR;
				CLANG_WARN_DOCUMENTATION_COMMENTS = YES;
				CLANG_WARN_EMPTY_BODY = YES;
				CLANG_WARN_ENUM_CONVERSION = YES;
				CLANG_WARN_INFINITE_RECURSION = YES;
				CLANG_WARN_INT_CONVERSION = YES;
				CLANG_WARN_NON_LITERAL_NULL_CONVERSION = YES;
				CLANG_WARN_OBJC_LITERAL_CONVERSION = YES;
				CLANG_WARN_OBJC_ROOT_CLASS = YES_ERROR;
				CLANG_WARN_RANGE_LOOP_ANALYSIS = YES;
				CLANG_WARN_STRICT_PROTOTYPES = YES;
				CLANG_WARN_SUSPICIOUS_MOVE = YES;
				CLANG_WARN_UNGUARDED_AVAILABILITY = YES_AGGRESSIVE;
				CLANG_WARN_UNREACHABLE_CODE = YES;
				CLANG_WARN__DUPLICATE_METHOD_MATCH = YES;
				CODE_SIGN_IDENTITY = "iPhone Developer";
				COPY_PHASE_STRIP = NO;
				DEBUG_INFORMATION_FORMAT = dwarf;
				ENABLE_STRICT_OBJC_MSGSEND = YES;
				ENABLE_TESTABILITY = YES;
				GCC_C_LANGUAGE_STANDARD = gnu11;
				GCC_DYNAMIC_NO_PIC = NO;
				GCC_NO_COMMON_BLOCKS = YES;
				GCC_OPTIMIZATION_LEVEL = 0;
				GCC_PREPROCESSOR_DEFINITIONS = (
					"DEBUG=1",
					"$(inherited)",
				);
				GCC_WARN_64_TO_32_BIT_CONVERSION = YES;
				GCC_WARN_ABOUT_RETURN_TYPE = YES_ERROR;
				GCC_WARN_UNDECLARED_SELECTOR = YES;
				GCC_WARN_UNINITIALIZED_AUTOS = YES_AGGRESSIVE;
				GCC_WARN_UNUSED_FUNCTION = YES;
				GCC_WARN_UNUSED_VARIABLE = YES;
				IPHONEOS_DEPLOYMENT_TARGET = 11.0;
				MTL_ENABLE_DEBUG_INFO = YES;
				ONLY_ACTIVE_ARCH = YES;
				SDKROOT = iphoneos;
				SWIFT_ACTIVE_COMPILATION_CONDITIONS = DEBUG;
				SWIFT_OPTIMIZATION_LEVEL = "-Onone";
			};
			name = Debug;
		};
		9EDB893C1F7C35C1006CD0C1 /* Release */ = {
			isa = XCBuildConfiguration;
			buildSettings = {
				ALWAYS_SEARCH_USER_PATHS = NO;
				CLANG_ANALYZER_NONNULL = YES;
				CLANG_ANALYZER_NUMBER_OBJECT_CONVERSION = YES_AGGRESSIVE;
				CLANG_CXX_LANGUAGE_STANDARD = "gnu++14";
				CLANG_CXX_LIBRARY = "libc++";
				CLANG_ENABLE_MODULES = YES;
				CLANG_ENABLE_OBJC_ARC = YES;
				CLANG_WARN_BLOCK_CAPTURE_AUTORELEASING = YES;
				CLANG_WARN_BOOL_CONVERSION = YES;
				CLANG_WARN_COMMA = YES;
				CLANG_WARN_CONSTANT_CONVERSION = YES;
				CLANG_WARN_DIRECT_OBJC_ISA_USAGE = YES_ERROR;
				CLANG_WARN_DOCUMENTATION_COMMENTS = YES;
				CLANG_WARN_EMPTY_BODY = YES;
				CLANG_WARN_ENUM_CONVERSION = YES;
				CLANG_WARN_INFINITE_RECURSION = YES;
				CLANG_WARN_INT_CONVERSION = YES;
				CLANG_WARN_NON_LITERAL_NULL_CONVERSION = YES;
				CLANG_WARN_OBJC_LITERAL_CONVERSION = YES;
				CLANG_WARN_OBJC_ROOT_CLASS = YES_ERROR;
				CLANG_WARN_RANGE_LOOP_ANALYSIS = YES;
				CLANG_WARN_STRICT_PROTOTYPES = YES;
				CLANG_WARN_SUSPICIOUS_MOVE = YES;
				CLANG_WARN_UNGUARDED_AVAILABILITY = YES_AGGRESSIVE;
				CLANG_WARN_UNREACHABLE_CODE = YES;
				CLANG_WARN__DUPLICATE_METHOD_MATCH = YES;
				CODE_SIGN_IDENTITY = "iPhone Developer";
				COPY_PHASE_STRIP = NO;
				DEBUG_INFORMATION_FORMAT = "dwarf-with-dsym";
				ENABLE_NS_ASSERTIONS = NO;
				ENABLE_STRICT_OBJC_MSGSEND = YES;
				GCC_C_LANGUAGE_STANDARD = gnu11;
				GCC_NO_COMMON_BLOCKS = YES;
				GCC_WARN_64_TO_32_BIT_CONVERSION = YES;
				GCC_WARN_ABOUT_RETURN_TYPE = YES_ERROR;
				GCC_WARN_UNDECLARED_SELECTOR = YES;
				GCC_WARN_UNINITIALIZED_AUTOS = YES_AGGRESSIVE;
				GCC_WARN_UNUSED_FUNCTION = YES;
				GCC_WARN_UNUSED_VARIABLE = YES;
				IPHONEOS_DEPLOYMENT_TARGET = 11.0;
				MTL_ENABLE_DEBUG_INFO = NO;
				SDKROOT = iphoneos;
				SWIFT_OPTIMIZATION_LEVEL = "-Owholemodule";
				VALIDATE_PRODUCT = YES;
			};
			name = Release;
		};
		9EDB893E1F7C35C1006CD0C1 /* Debug */ = {
			isa = XCBuildConfiguration;
			buildSettings = {
				ASSETCATALOG_COMPILER_COMPLICATION_NAME = Complication;
				CODE_SIGN_STYLE = Automatic;
				DEVELOPMENT_TEAM = XB3C2V95Z9;
				INFOPLIST_FILE = "ChallengeWatchMichas WatchKit Extension/Info.plist";
				LD_RUNPATH_SEARCH_PATHS = "$(inherited) @executable_path/Frameworks @executable_path/../../Frameworks";
				PRODUCT_BUNDLE_IDENTIFIER = br.com.brunochagas.ChallengeWatchMichas.watchkitapp.watchkitextension;
				PRODUCT_NAME = "${TARGET_NAME}";
				SDKROOT = watchos;
				SKIP_INSTALL = YES;
				SWIFT_VERSION = 4.0;
				TARGETED_DEVICE_FAMILY = 4;
				WATCHOS_DEPLOYMENT_TARGET = 4.0;
			};
			name = Debug;
		};
		9EDB893F1F7C35C1006CD0C1 /* Release */ = {
			isa = XCBuildConfiguration;
			buildSettings = {
				ASSETCATALOG_COMPILER_COMPLICATION_NAME = Complication;
				CODE_SIGN_STYLE = Automatic;
				DEVELOPMENT_TEAM = XB3C2V95Z9;
				INFOPLIST_FILE = "ChallengeWatchMichas WatchKit Extension/Info.plist";
				LD_RUNPATH_SEARCH_PATHS = "$(inherited) @executable_path/Frameworks @executable_path/../../Frameworks";
				PRODUCT_BUNDLE_IDENTIFIER = br.com.brunochagas.ChallengeWatchMichas.watchkitapp.watchkitextension;
				PRODUCT_NAME = "${TARGET_NAME}";
				SDKROOT = watchos;
				SKIP_INSTALL = YES;
				SWIFT_VERSION = 4.0;
				TARGETED_DEVICE_FAMILY = 4;
				WATCHOS_DEPLOYMENT_TARGET = 4.0;
			};
			name = Release;
		};
		9EDB89421F7C35C1006CD0C1 /* Debug */ = {
			isa = XCBuildConfiguration;
			buildSettings = {
				ALWAYS_EMBED_SWIFT_STANDARD_LIBRARIES = YES;
				ASSETCATALOG_COMPILER_APPICON_NAME = AppIcon;
				CODE_SIGN_STYLE = Automatic;
				DEVELOPMENT_TEAM = XB3C2V95Z9;
				IBSC_MODULE = ChallengeWatchMichas_WatchKit_Extension;
				INFOPLIST_FILE = "ChallengeWatchMichas WatchKit App/Info.plist";
				PRODUCT_BUNDLE_IDENTIFIER = br.com.brunochagas.ChallengeWatchMichas.watchkitapp;
				PRODUCT_NAME = "$(TARGET_NAME)";
				SDKROOT = watchos;
				SKIP_INSTALL = YES;
				SWIFT_VERSION = 4.0;
				TARGETED_DEVICE_FAMILY = 4;
				WATCHOS_DEPLOYMENT_TARGET = 4.0;
			};
			name = Debug;
		};
		9EDB89431F7C35C1006CD0C1 /* Release */ = {
			isa = XCBuildConfiguration;
			buildSettings = {
				ALWAYS_EMBED_SWIFT_STANDARD_LIBRARIES = YES;
				ASSETCATALOG_COMPILER_APPICON_NAME = AppIcon;
				CODE_SIGN_STYLE = Automatic;
				DEVELOPMENT_TEAM = XB3C2V95Z9;
				IBSC_MODULE = ChallengeWatchMichas_WatchKit_Extension;
				INFOPLIST_FILE = "ChallengeWatchMichas WatchKit App/Info.plist";
				PRODUCT_BUNDLE_IDENTIFIER = br.com.brunochagas.ChallengeWatchMichas.watchkitapp;
				PRODUCT_NAME = "$(TARGET_NAME)";
				SDKROOT = watchos;
				SKIP_INSTALL = YES;
				SWIFT_VERSION = 4.0;
				TARGETED_DEVICE_FAMILY = 4;
				WATCHOS_DEPLOYMENT_TARGET = 4.0;
			};
			name = Release;
		};
		9EDB89461F7C35C1006CD0C1 /* Debug */ = {
			isa = XCBuildConfiguration;
			buildSettings = {
				ASSETCATALOG_COMPILER_APPICON_NAME = AppIcon;
				CODE_SIGN_STYLE = Automatic;
				DEVELOPMENT_TEAM = XB3C2V95Z9;
				INFOPLIST_FILE = ChallengeWatchMichas/Info.plist;
				LD_RUNPATH_SEARCH_PATHS = "$(inherited) @executable_path/Frameworks";
				PRODUCT_BUNDLE_IDENTIFIER = br.com.brunochagas.ChallengeWatchMichas;
				PRODUCT_NAME = "$(TARGET_NAME)";
				SWIFT_VERSION = 4.0;
				TARGETED_DEVICE_FAMILY = "1,2";
			};
			name = Debug;
		};
		9EDB89471F7C35C1006CD0C1 /* Release */ = {
			isa = XCBuildConfiguration;
			buildSettings = {
				ASSETCATALOG_COMPILER_APPICON_NAME = AppIcon;
				CODE_SIGN_STYLE = Automatic;
				DEVELOPMENT_TEAM = XB3C2V95Z9;
				INFOPLIST_FILE = ChallengeWatchMichas/Info.plist;
				LD_RUNPATH_SEARCH_PATHS = "$(inherited) @executable_path/Frameworks";
				PRODUCT_BUNDLE_IDENTIFIER = br.com.brunochagas.ChallengeWatchMichas;
				PRODUCT_NAME = "$(TARGET_NAME)";
				SWIFT_VERSION = 4.0;
				TARGETED_DEVICE_FAMILY = "1,2";
			};
			name = Release;
		};
/* End XCBuildConfiguration section */

/* Begin XCConfigurationList section */
		9EDB89041F7C35C0006CD0C1 /* Build configuration list for PBXProject "ChallengeWatchMichas" */ = {
			isa = XCConfigurationList;
			buildConfigurations = (
				9EDB893B1F7C35C1006CD0C1 /* Debug */,
				9EDB893C1F7C35C1006CD0C1 /* Release */,
			);
			defaultConfigurationIsVisible = 0;
			defaultConfigurationName = Release;
		};
		9EDB893D1F7C35C1006CD0C1 /* Build configuration list for PBXNativeTarget "ChallengeWatchMichas WatchKit Extension" */ = {
			isa = XCConfigurationList;
			buildConfigurations = (
				9EDB893E1F7C35C1006CD0C1 /* Debug */,
				9EDB893F1F7C35C1006CD0C1 /* Release */,
			);
			defaultConfigurationIsVisible = 0;
			defaultConfigurationName = Release;
		};
		9EDB89411F7C35C1006CD0C1 /* Build configuration list for PBXNativeTarget "ChallengeWatchMichas WatchKit App" */ = {
			isa = XCConfigurationList;
			buildConfigurations = (
				9EDB89421F7C35C1006CD0C1 /* Debug */,
				9EDB89431F7C35C1006CD0C1 /* Release */,
			);
			defaultConfigurationIsVisible = 0;
			defaultConfigurationName = Release;
		};
		9EDB89451F7C35C1006CD0C1 /* Build configuration list for PBXNativeTarget "ChallengeWatchMichas" */ = {
			isa = XCConfigurationList;
			buildConfigurations = (
				9EDB89461F7C35C1006CD0C1 /* Debug */,
				9EDB89471F7C35C1006CD0C1 /* Release */,
			);
			defaultConfigurationIsVisible = 0;
			defaultConfigurationName = Release;
		};
/* End XCConfigurationList section */
	};
	rootObject = 9EDB89011F7C35C0006CD0C1 /* Project object */;
}
